
Microsoft Visual Studio Solution File, Format Version 12.00
# Visual Studio 2013
VisualStudioVersion = 12.0.21005.1
MinimumVisualStudioVersion = 10.0.40219.1
Project("{8BC9CEB8-8B4A-11D0-8D11-00A0C91BC942}") = "Core", "Core\Core.vcxproj", "{D0B0C8B0-372F-4EF8-A51D-F11EE7007F4E}"
EndProject
Project("{8BC9CEB8-8B4A-11D0-8D11-00A0C91BC942}") = "Engine", "Engine\Engine.vcxproj", "{027DE798-8F6E-4C4E-B378-4F4532AECD25}"
EndProject
Project("{8BC9CEB8-8B4A-11D0-8D11-00A0C91BC942}") = "Game", "Game\Game.vcxproj", "{3FF0E597-D40A-415E-B9B1-F53A6F70A403}"
EndProject
Global
	GlobalSection(SolutionConfigurationPlatforms) = preSolution
		Debug|Win32 = Debug|Win32
		Release|Win32 = Release|Win32
	EndGlobalSection
	GlobalSection(ProjectConfigurationPlatforms) = postSolution
		{D0B0C8B0-372F-4EF8-A51D-F11EE7007F4E}.Debug|Win32.ActiveCfg = Debug|Win32
		{D0B0C8B0-372F-4EF8-A51D-F11EE7007F4E}.Debug|Win32.Build.0 = Debug|Win32
		{D0B0C8B0-372F-4EF8-A51D-F11EE7007F4E}.Release|Win32.ActiveCfg = Release|Win32
		{D0B0C8B0-372F-4EF8-A51D-F11EE7007F4E}.Release|Win32.Build.0 = Release|Win32
		{027DE798-8F6E-4C4E-B378-4F4532AECD25}.Debug|Win32.ActiveCfg = Debug|Win32
		{027DE798-8F6E-4C4E-B378-4F4532AECD25}.Debug|Win32.Build.0 = Debug|Win32
		{027DE798-8F6E-4C4E-B378-4F4532AECD25}.Release|Win32.ActiveCfg = Release|Win32
		{027DE798-8F6E-4C4E-B378-4F4532AECD25}.Release|Win32.Build.0 = Release|Win32
		{3FF0E597-D40A-415E-B9B1-F53A6F70A403}.Debug|Win32.ActiveCfg = Debug|Win32
		{3FF0E597-D40A-415E-B9B1-F53A6F70A403}.Debug|Win32.Build.0 = Debug|Win32
		{3FF0E597-D40A-415E-B9B1-F53A6F70A403}.Release|Win32.ActiveCfg = Release|Win32
		{3FF0E597-D40A-415E-B9B1-F53A6F70A403}.Release|Win32.Build.0 = Release|Win32
	EndGlobalSection
	GlobalSection(SolutionProperties) = preSolution
		HideSolutionNode = FALSE
	EndGlobalSection
EndGlobal
